// !$*UTF8*$!
{
	archiveVersion = 1;
	classes = {
	};
	objectVersion = 46;
	objects = {

/* Begin PBXBuildFile section */
		DB0699FB19B7A21E00912D2D /* gradescale.plist in Resources */ = {isa = PBXBuildFile; fileRef = DB0699FA19B7A21E00912D2D /* gradescale.plist */; };
		DB0699FE19B7A54600912D2D /* Trade.m in Sources */ = {isa = PBXBuildFile; fileRef = DB0699FD19B7A54600912D2D /* Trade.m */; };
		DB069A0119B7A54600912D2D /* Issue.m in Sources */ = {isa = PBXBuildFile; fileRef = DB069A0019B7A54600912D2D /* Issue.m */; };
		DB069A0419B7A54600912D2D /* Publisher.m in Sources */ = {isa = PBXBuildFile; fileRef = DB069A0319B7A54600912D2D /* Publisher.m */; };
		DB069A0719B7A54600912D2D /* Series.m in Sources */ = {isa = PBXBuildFile; fileRef = DB069A0619B7A54600912D2D /* Series.m */; };
		DB069A0A19B7A54600912D2D /* StoryArc.m in Sources */ = {isa = PBXBuildFile; fileRef = DB069A0919B7A54600912D2D /* StoryArc.m */; };
		DB215F4B1938C55F00422589 /* DateTransformer.m in Sources */ = {isa = PBXBuildFile; fileRef = DB215F4A1938C55F00422589 /* DateTransformer.m */; };
		DB215F4E1938C65500422589 /* ComicsWindow.m in Sources */ = {isa = PBXBuildFile; fileRef = DB215F4D1938C65500422589 /* ComicsWindow.m */; };
		DB215F511938CA3700422589 /* SeriesArrayController.m in Sources */ = {isa = PBXBuildFile; fileRef = DB215F501938CA3700422589 /* SeriesArrayController.m */; };
		DB23D0D719A20F8F00083C45 /* StoryArcsArrayController.m in Sources */ = {isa = PBXBuildFile; fileRef = DB23D0D619A20F8F00083C45 /* StoryArcsArrayController.m */; };
		DB52600D19B4EE1900FF31EB /* VariantIndicator.m in Sources */ = {isa = PBXBuildFile; fileRef = DB52600C19B4EE1900FF31EB /* VariantIndicator.m */; };
		DB5AA9DA193B7D8700960168 /* IssuesArrayController.m in Sources */ = {isa = PBXBuildFile; fileRef = DB5AA9D9193B7D8700960168 /* IssuesArrayController.m */; };
		DB5AA9DE193B7E5C00960168 /* TradesArrayController.m in Sources */ = {isa = PBXBuildFile; fileRef = DB5AA9DD193B7E5C00960168 /* TradesArrayController.m */; };
		DBD3827F193526DA00C8965C /* Cocoa.framework in Frameworks */ = {isa = PBXBuildFile; fileRef = DBD3827E193526DA00C8965C /* Cocoa.framework */; };
		DBD38289193526DA00C8965C /* InfoPlist.strings in Resources */ = {isa = PBXBuildFile; fileRef = DBD38287193526DA00C8965C /* InfoPlist.strings */; };
		DBD3828B193526DA00C8965C /* main.m in Sources */ = {isa = PBXBuildFile; fileRef = DBD3828A193526DA00C8965C /* main.m */; };
		DBD3828F193526DA00C8965C /* Credits.rtf in Resources */ = {isa = PBXBuildFile; fileRef = DBD3828D193526DA00C8965C /* Credits.rtf */; };
		DBD38292193526DA00C8965C /* AppDelegate.m in Sources */ = {isa = PBXBuildFile; fileRef = DBD38291193526DA00C8965C /* AppDelegate.m */; };
		DBD38295193526DA00C8965C /* MainMenu.xib in Resources */ = {isa = PBXBuildFile; fileRef = DBD38293193526DA00C8965C /* MainMenu.xib */; };
		DBD38297193526DA00C8965C /* Images.xcassets in Resources */ = {isa = PBXBuildFile; fileRef = DBD38296193526DA00C8965C /* Images.xcassets */; };
		DBD3829E193526DA00C8965C /* XCTest.framework in Frameworks */ = {isa = PBXBuildFile; fileRef = DBD3829D193526DA00C8965C /* XCTest.framework */; };
		DBD3829F193526DA00C8965C /* Cocoa.framework in Frameworks */ = {isa = PBXBuildFile; fileRef = DBD3827E193526DA00C8965C /* Cocoa.framework */; };
		DBD382A7193526DA00C8965C /* InfoPlist.strings in Resources */ = {isa = PBXBuildFile; fileRef = DBD382A5193526DA00C8965C /* InfoPlist.strings */; };
		DBD382A9193526DA00C8965C /* Long_BoxTests.m in Sources */ = {isa = PBXBuildFile; fileRef = DBD382A8193526DA00C8965C /* Long_BoxTests.m */; };
		DBD382B4193526E300C8965C /* CoreDataManagerX.m in Sources */ = {isa = PBXBuildFile; fileRef = DBD382B3193526E300C8965C /* CoreDataManagerX.m */; };
		DBD382B81935271400C8965C /* longbox.xcdatamodeld in Sources */ = {isa = PBXBuildFile; fileRef = DBD382B61935271400C8965C /* longbox.xcdatamodeld */; };
		DBD382BC193529E800C8965C /* NewComicWindow.m in Sources */ = {isa = PBXBuildFile; fileRef = DBD382BA193529E800C8965C /* NewComicWindow.m */; };
		DBD382BD193529E800C8965C /* NewComicWindow.xib in Resources */ = {isa = PBXBuildFile; fileRef = DBD382BB193529E800C8965C /* NewComicWindow.xib */; };
/* End PBXBuildFile section */

/* Begin PBXContainerItemProxy section */
		DBD382A0193526DA00C8965C /* PBXContainerItemProxy */ = {
			isa = PBXContainerItemProxy;
			containerPortal = DBD38273193526DA00C8965C /* Project object */;
			proxyType = 1;
			remoteGlobalIDString = DBD3827A193526DA00C8965C;
			remoteInfo = "Long Box";
		};
/* End PBXContainerItemProxy section */

/* Begin PBXFileReference section */
		DB0699FA19B7A21E00912D2D /* gradescale.plist */ = {isa = PBXFileReference; fileEncoding = 4; lastKnownFileType = text.plist.xml; path = gradescale.plist; sourceTree = "<group>"; };
		DB0699FC19B7A54600912D2D /* Trade.h */ = {isa = PBXFileReference; fileEncoding = 4; lastKnownFileType = sourcecode.c.h; path = Trade.h; sourceTree = "<group>"; };
		DB0699FD19B7A54600912D2D /* Trade.m */ = {isa = PBXFileReference; fileEncoding = 4; lastKnownFileType = sourcecode.c.objc; path = Trade.m; sourceTree = "<group>"; };
		DB0699FF19B7A54600912D2D /* Issue.h */ = {isa = PBXFileReference; fileEncoding = 4; lastKnownFileType = sourcecode.c.h; path = Issue.h; sourceTree = "<group>"; };
		DB069A0019B7A54600912D2D /* Issue.m */ = {isa = PBXFileReference; fileEncoding = 4; lastKnownFileType = sourcecode.c.objc; path = Issue.m; sourceTree = "<group>"; };
		DB069A0219B7A54600912D2D /* Publisher.h */ = {isa = PBXFileReference; fileEncoding = 4; lastKnownFileType = sourcecode.c.h; path = Publisher.h; sourceTree = "<group>"; };
		DB069A0319B7A54600912D2D /* Publisher.m */ = {isa = PBXFileReference; fileEncoding = 4; lastKnownFileType = sourcecode.c.objc; path = Publisher.m; sourceTree = "<group>"; };
		DB069A0519B7A54600912D2D /* Series.h */ = {isa = PBXFileReference; fileEncoding = 4; lastKnownFileType = sourcecode.c.h; path = Series.h; sourceTree = "<group>"; };
		DB069A0619B7A54600912D2D /* Series.m */ = {isa = PBXFileReference; fileEncoding = 4; lastKnownFileType = sourcecode.c.objc; path = Series.m; sourceTree = "<group>"; };
		DB069A0819B7A54600912D2D /* StoryArc.h */ = {isa = PBXFileReference; fileEncoding = 4; lastKnownFileType = sourcecode.c.h; path = StoryArc.h; sourceTree = "<group>"; };
		DB069A0919B7A54600912D2D /* StoryArc.m */ = {isa = PBXFileReference; fileEncoding = 4; lastKnownFileType = sourcecode.c.objc; path = StoryArc.m; sourceTree = "<group>"; };
		DB215F491938C55F00422589 /* DateTransformer.h */ = {isa = PBXFileReference; fileEncoding = 4; lastKnownFileType = sourcecode.c.h; path = DateTransformer.h; sourceTree = "<group>"; };
		DB215F4A1938C55F00422589 /* DateTransformer.m */ = {isa = PBXFileReference; fileEncoding = 4; lastKnownFileType = sourcecode.c.objc; path = DateTransformer.m; sourceTree = "<group>"; };
		DB215F4C1938C65500422589 /* ComicsWindow.h */ = {isa = PBXFileReference; fileEncoding = 4; lastKnownFileType = sourcecode.c.h; path = ComicsWindow.h; sourceTree = "<group>"; };
		DB215F4D1938C65500422589 /* ComicsWindow.m */ = {isa = PBXFileReference; fileEncoding = 4; lastKnownFileType = sourcecode.c.objc; path = ComicsWindow.m; sourceTree = "<group>"; };
		DB215F4F1938CA3700422589 /* SeriesArrayController.h */ = {isa = PBXFileReference; fileEncoding = 4; lastKnownFileType = sourcecode.c.h; path = SeriesArrayController.h; sourceTree = "<group>"; };
		DB215F501938CA3700422589 /* SeriesArrayController.m */ = {isa = PBXFileReference; fileEncoding = 4; lastKnownFileType = sourcecode.c.objc; path = SeriesArrayController.m; sourceTree = "<group>"; };
		DB23D0D419A20F4000083C45 /* Long Box.entitlements */ = {isa = PBXFileReference; lastKnownFileType = text.xml; path = "Long Box.entitlements"; sourceTree = "<group>"; };
		DB23D0D519A20F8F00083C45 /* StoryArcsArrayController.h */ = {isa = PBXFileReference; fileEncoding = 4; lastKnownFileType = sourcecode.c.h; path = StoryArcsArrayController.h; sourceTree = "<group>"; };
		DB23D0D619A20F8F00083C45 /* StoryArcsArrayController.m */ = {isa = PBXFileReference; fileEncoding = 4; lastKnownFileType = sourcecode.c.objc; path = StoryArcsArrayController.m; sourceTree = "<group>"; };
		DB52600B19B4EE1900FF31EB /* VariantIndicator.h */ = {isa = PBXFileReference; fileEncoding = 4; lastKnownFileType = sourcecode.c.h; path = VariantIndicator.h; sourceTree = "<group>"; };
		DB52600C19B4EE1900FF31EB /* VariantIndicator.m */ = {isa = PBXFileReference; fileEncoding = 4; lastKnownFileType = sourcecode.c.objc; path = VariantIndicator.m; sourceTree = "<group>"; };
		DB5AA9D8193B7D8700960168 /* IssuesArrayController.h */ = {isa = PBXFileReference; fileEncoding = 4; lastKnownFileType = sourcecode.c.h; path = IssuesArrayController.h; sourceTree = "<group>"; };
		DB5AA9D9193B7D8700960168 /* IssuesArrayController.m */ = {isa = PBXFileReference; fileEncoding = 4; lastKnownFileType = sourcecode.c.objc; path = IssuesArrayController.m; sourceTree = "<group>"; };
		DB5AA9DC193B7E5C00960168 /* TradesArrayController.h */ = {isa = PBXFileReference; fileEncoding = 4; lastKnownFileType = sourcecode.c.h; path = TradesArrayController.h; sourceTree = "<group>"; };
		DB5AA9DD193B7E5C00960168 /* TradesArrayController.m */ = {isa = PBXFileReference; fileEncoding = 4; lastKnownFileType = sourcecode.c.objc; path = TradesArrayController.m; sourceTree = "<group>"; };
		DBD3827B193526DA00C8965C /* Long Box.app */ = {isa = PBXFileReference; explicitFileType = wrapper.application; includeInIndex = 0; path = "Long Box.app"; sourceTree = BUILT_PRODUCTS_DIR; };
		DBD3827E193526DA00C8965C /* Cocoa.framework */ = {isa = PBXFileReference; lastKnownFileType = wrapper.framework; name = Cocoa.framework; path = System/Library/Frameworks/Cocoa.framework; sourceTree = SDKROOT; };
		DBD38281193526DA00C8965C /* AppKit.framework */ = {isa = PBXFileReference; lastKnownFileType = wrapper.framework; name = AppKit.framework; path = System/Library/Frameworks/AppKit.framework; sourceTree = SDKROOT; };
		DBD38282193526DA00C8965C /* CoreData.framework */ = {isa = PBXFileReference; lastKnownFileType = wrapper.framework; name = CoreData.framework; path = System/Library/Frameworks/CoreData.framework; sourceTree = SDKROOT; };
		DBD38283193526DA00C8965C /* Foundation.framework */ = {isa = PBXFileReference; lastKnownFileType = wrapper.framework; name = Foundation.framework; path = System/Library/Frameworks/Foundation.framework; sourceTree = SDKROOT; };
		DBD38286193526DA00C8965C /* Long Box-Info.plist */ = {isa = PBXFileReference; lastKnownFileType = text.plist.xml; path = "Long Box-Info.plist"; sourceTree = "<group>"; };
		DBD38288193526DA00C8965C /* en */ = {isa = PBXFileReference; lastKnownFileType = text.plist.strings; name = en; path = en.lproj/InfoPlist.strings; sourceTree = "<group>"; };
		DBD3828A193526DA00C8965C /* main.m */ = {isa = PBXFileReference; lastKnownFileType = sourcecode.c.objc; path = main.m; sourceTree = "<group>"; };
		DBD3828C193526DA00C8965C /* Long Box-Prefix.pch */ = {isa = PBXFileReference; lastKnownFileType = sourcecode.c.h; path = "Long Box-Prefix.pch"; sourceTree = "<group>"; };
		DBD3828E193526DA00C8965C /* en */ = {isa = PBXFileReference; lastKnownFileType = text.rtf; name = en; path = en.lproj/Credits.rtf; sourceTree = "<group>"; };
		DBD38290193526DA00C8965C /* AppDelegate.h */ = {isa = PBXFileReference; lastKnownFileType = sourcecode.c.h; path = AppDelegate.h; sourceTree = "<group>"; };
		DBD38291193526DA00C8965C /* AppDelegate.m */ = {isa = PBXFileReference; lastKnownFileType = sourcecode.c.objc; path = AppDelegate.m; sourceTree = "<group>"; };
		DBD38294193526DA00C8965C /* Base */ = {isa = PBXFileReference; lastKnownFileType = file.xib; name = Base; path = Base.lproj/MainMenu.xib; sourceTree = "<group>"; };
		DBD38296193526DA00C8965C /* Images.xcassets */ = {isa = PBXFileReference; lastKnownFileType = folder.assetcatalog; path = Images.xcassets; sourceTree = "<group>"; };
		DBD3829C193526DA00C8965C /* Long BoxTests.xctest */ = {isa = PBXFileReference; explicitFileType = wrapper.cfbundle; includeInIndex = 0; path = "Long BoxTests.xctest"; sourceTree = BUILT_PRODUCTS_DIR; };
		DBD3829D193526DA00C8965C /* XCTest.framework */ = {isa = PBXFileReference; lastKnownFileType = wrapper.framework; name = XCTest.framework; path = Library/Frameworks/XCTest.framework; sourceTree = DEVELOPER_DIR; };
		DBD382A4193526DA00C8965C /* Long BoxTests-Info.plist */ = {isa = PBXFileReference; lastKnownFileType = text.plist.xml; path = "Long BoxTests-Info.plist"; sourceTree = "<group>"; };
		DBD382A6193526DA00C8965C /* en */ = {isa = PBXFileReference; lastKnownFileType = text.plist.strings; name = en; path = en.lproj/InfoPlist.strings; sourceTree = "<group>"; };
		DBD382A8193526DA00C8965C /* Long_BoxTests.m */ = {isa = PBXFileReference; lastKnownFileType = sourcecode.c.objc; path = Long_BoxTests.m; sourceTree = "<group>"; };
		DBD382B2193526E300C8965C /* CoreDataManagerX.h */ = {isa = PBXFileReference; fileEncoding = 4; lastKnownFileType = sourcecode.c.h; path = CoreDataManagerX.h; sourceTree = "<group>"; };
		DBD382B3193526E300C8965C /* CoreDataManagerX.m */ = {isa = PBXFileReference; fileEncoding = 4; lastKnownFileType = sourcecode.c.objc; path = CoreDataManagerX.m; sourceTree = "<group>"; };
		DBD382B71935271400C8965C /* longbox.xcdatamodel */ = {isa = PBXFileReference; lastKnownFileType = wrapper.xcdatamodel; path = longbox.xcdatamodel; sourceTree = "<group>"; };
		DBD382B9193529E800C8965C /* NewComicWindow.h */ = {isa = PBXFileReference; fileEncoding = 4; lastKnownFileType = sourcecode.c.h; path = NewComicWindow.h; sourceTree = "<group>"; };
		DBD382BA193529E800C8965C /* NewComicWindow.m */ = {isa = PBXFileReference; fileEncoding = 4; lastKnownFileType = sourcecode.c.objc; path = NewComicWindow.m; sourceTree = "<group>"; };
		DBD382BB193529E800C8965C /* NewComicWindow.xib */ = {isa = PBXFileReference; fileEncoding = 4; lastKnownFileType = file.xib; path = NewComicWindow.xib; sourceTree = "<group>"; };
/* End PBXFileReference section */

/* Begin PBXFrameworksBuildPhase section */
		DBD38278193526DA00C8965C /* Frameworks */ = {
			isa = PBXFrameworksBuildPhase;
			buildActionMask = 2147483647;
			files = (
				DBD3827F193526DA00C8965C /* Cocoa.framework in Frameworks */,
			);
			runOnlyForDeploymentPostprocessing = 0;
		};
		DBD38299193526DA00C8965C /* Frameworks */ = {
			isa = PBXFrameworksBuildPhase;
			buildActionMask = 2147483647;
			files = (
				DBD3829F193526DA00C8965C /* Cocoa.framework in Frameworks */,
				DBD3829E193526DA00C8965C /* XCTest.framework in Frameworks */,
			);
			runOnlyForDeploymentPostprocessing = 0;
		};
/* End PBXFrameworksBuildPhase section */

/* Begin PBXGroup section */
		DB5AA9DB193B7E4E00960168 /* Array Controllers */ = {
			isa = PBXGroup;
			children = (
				DB215F4F1938CA3700422589 /* SeriesArrayController.h */,
				DB215F501938CA3700422589 /* SeriesArrayController.m */,
				DB5AA9D8193B7D8700960168 /* IssuesArrayController.h */,
				DB5AA9D9193B7D8700960168 /* IssuesArrayController.m */,
				DB5AA9DC193B7E5C00960168 /* TradesArrayController.h */,
				DB5AA9DD193B7E5C00960168 /* TradesArrayController.m */,
				DB23D0D519A20F8F00083C45 /* StoryArcsArrayController.h */,
				DB23D0D619A20F8F00083C45 /* StoryArcsArrayController.m */,
			);
			name = "Array Controllers";
			sourceTree = "<group>";
		};
		DBD38272193526DA00C8965C = {
			isa = PBXGroup;
			children = (
				DBD38284193526DA00C8965C /* Long Box */,
				DBD382A2193526DA00C8965C /* Long BoxTests */,
				DBD3827D193526DA00C8965C /* Frameworks */,
				DBD3827C193526DA00C8965C /* Products */,
			);
			sourceTree = "<group>";
		};
		DBD3827C193526DA00C8965C /* Products */ = {
			isa = PBXGroup;
			children = (
				DBD3827B193526DA00C8965C /* Long Box.app */,
				DBD3829C193526DA00C8965C /* Long BoxTests.xctest */,
			);
			name = Products;
			sourceTree = "<group>";
		};
		DBD3827D193526DA00C8965C /* Frameworks */ = {
			isa = PBXGroup;
			children = (
				DBD3827E193526DA00C8965C /* Cocoa.framework */,
				DBD3829D193526DA00C8965C /* XCTest.framework */,
				DBD38280193526DA00C8965C /* Other Frameworks */,
			);
			name = Frameworks;
			sourceTree = "<group>";
		};
		DBD38280193526DA00C8965C /* Other Frameworks */ = {
			isa = PBXGroup;
			children = (
				DBD38281193526DA00C8965C /* AppKit.framework */,
				DBD38282193526DA00C8965C /* CoreData.framework */,
				DBD38283193526DA00C8965C /* Foundation.framework */,
			);
			name = "Other Frameworks";
			sourceTree = "<group>";
		};
		DBD38284193526DA00C8965C /* Long Box */ = {
			isa = PBXGroup;
			children = (
				DB23D0D419A20F4000083C45 /* Long Box.entitlements */,
				DBD38290193526DA00C8965C /* AppDelegate.h */,
				DBD38291193526DA00C8965C /* AppDelegate.m */,
				DBD38293193526DA00C8965C /* MainMenu.xib */,
				DB215F4C1938C65500422589 /* ComicsWindow.h */,
				DB215F4D1938C65500422589 /* ComicsWindow.m */,
				DBD382B9193529E800C8965C /* NewComicWindow.h */,
				DBD382BA193529E800C8965C /* NewComicWindow.m */,
				DBD382BB193529E800C8965C /* NewComicWindow.xib */,
				DB52600B19B4EE1900FF31EB /* VariantIndicator.h */,
				DB52600C19B4EE1900FF31EB /* VariantIndicator.m */,
				DB0699FA19B7A21E00912D2D /* gradescale.plist */,
				DBD382B51935270000C8965C /* Core Data */,
				DBD38296193526DA00C8965C /* Images.xcassets */,
				DBD38285193526DA00C8965C /* Supporting Files */,
			);
			path = "Long Box";
			sourceTree = "<group>";
		};
		DBD38285193526DA00C8965C /* Supporting Files */ = {
			isa = PBXGroup;
			children = (
				DBD38286193526DA00C8965C /* Long Box-Info.plist */,
				DBD38287193526DA00C8965C /* InfoPlist.strings */,
				DBD3828A193526DA00C8965C /* main.m */,
				DBD3828C193526DA00C8965C /* Long Box-Prefix.pch */,
				DBD3828D193526DA00C8965C /* Credits.rtf */,
			);
			name = "Supporting Files";
			sourceTree = "<group>";
		};
		DBD382A2193526DA00C8965C /* Long BoxTests */ = {
			isa = PBXGroup;
			children = (
				DBD382A8193526DA00C8965C /* Long_BoxTests.m */,
				DBD382A3193526DA00C8965C /* Supporting Files */,
			);
			path = "Long BoxTests";
			sourceTree = "<group>";
		};
		DBD382A3193526DA00C8965C /* Supporting Files */ = {
			isa = PBXGroup;
			children = (
				DBD382A4193526DA00C8965C /* Long BoxTests-Info.plist */,
				DBD382A5193526DA00C8965C /* InfoPlist.strings */,
			);
			name = "Supporting Files";
			sourceTree = "<group>";
		};
		DBD382B51935270000C8965C /* Core Data */ = {
			isa = PBXGroup;
			children = (
				DBD382B2193526E300C8965C /* CoreDataManagerX.h */,
				DBD382B3193526E300C8965C /* CoreDataManagerX.m */,
				DB215F491938C55F00422589 /* DateTransformer.h */,
				DB215F4A1938C55F00422589 /* DateTransformer.m */,
				DB5AA9DB193B7E4E00960168 /* Array Controllers */,
				DBD382B61935271400C8965C /* longbox.xcdatamodeld */,
				DB069A0819B7A54600912D2D /* StoryArc.h */,
				DB069A0919B7A54600912D2D /* StoryArc.m */,
				DB069A0519B7A54600912D2D /* Series.h */,
				DB069A0619B7A54600912D2D /* Series.m */,
				DB069A0219B7A54600912D2D /* Publisher.h */,
				DB069A0319B7A54600912D2D /* Publisher.m */,
				DB0699FF19B7A54600912D2D /* Issue.h */,
				DB069A0019B7A54600912D2D /* Issue.m */,
				DB0699FC19B7A54600912D2D /* Trade.h */,
				DB0699FD19B7A54600912D2D /* Trade.m */,
			);
			name = "Core Data";
			sourceTree = "<group>";
		};
/* End PBXGroup section */

/* Begin PBXNativeTarget section */
		DBD3827A193526DA00C8965C /* Long Box */ = {
			isa = PBXNativeTarget;
			buildConfigurationList = DBD382AC193526DA00C8965C /* Build configuration list for PBXNativeTarget "Long Box" */;
			buildPhases = (
				DBD38277193526DA00C8965C /* Sources */,
				DBD38278193526DA00C8965C /* Frameworks */,
				DBD38279193526DA00C8965C /* Resources */,
			);
			buildRules = (
			);
			dependencies = (
			);
			name = "Long Box";
			productName = "Long Box";
			productReference = DBD3827B193526DA00C8965C /* Long Box.app */;
			productType = "com.apple.product-type.application";
		};
		DBD3829B193526DA00C8965C /* Long BoxTests */ = {
			isa = PBXNativeTarget;
			buildConfigurationList = DBD382AF193526DA00C8965C /* Build configuration list for PBXNativeTarget "Long BoxTests" */;
			buildPhases = (
				DBD38298193526DA00C8965C /* Sources */,
				DBD38299193526DA00C8965C /* Frameworks */,
				DBD3829A193526DA00C8965C /* Resources */,
			);
			buildRules = (
			);
			dependencies = (
				DBD382A1193526DA00C8965C /* PBXTargetDependency */,
			);
			name = "Long BoxTests";
			productName = "Long BoxTests";
			productReference = DBD3829C193526DA00C8965C /* Long BoxTests.xctest */;
			productType = "com.apple.product-type.bundle.unit-test";
		};
/* End PBXNativeTarget section */

/* Begin PBXProject section */
		DBD38273193526DA00C8965C /* Project object */ = {
			isa = PBXProject;
			attributes = {
				LastUpgradeCheck = 0510;
				ORGANIZATIONNAME = "Frank Michael Sanchez";
				TargetAttributes = {
					DBD3827A193526DA00C8965C = {
						DevelopmentTeam = ZJN6P495U9;
						SystemCapabilities = {
							com.apple.Sandbox = {
								enabled = 1;
							};
						};
					};
					DBD3829B193526DA00C8965C = {
						TestTargetID = DBD3827A193526DA00C8965C;
					};
				};
			};
			buildConfigurationList = DBD38276193526DA00C8965C /* Build configuration list for PBXProject "Long Box" */;
			compatibilityVersion = "Xcode 3.2";
			developmentRegion = English;
			hasScannedForEncodings = 0;
			knownRegions = (
				en,
				Base,
			);
			mainGroup = DBD38272193526DA00C8965C;
			productRefGroup = DBD3827C193526DA00C8965C /* Products */;
			projectDirPath = "";
			projectRoot = "";
			targets = (
				DBD3827A193526DA00C8965C /* Long Box */,
				DBD3829B193526DA00C8965C /* Long BoxTests */,
			);
		};
/* End PBXProject section */

/* Begin PBXResourcesBuildPhase section */
		DBD38279193526DA00C8965C /* Resources */ = {
			isa = PBXResourcesBuildPhase;
			buildActionMask = 2147483647;
			files = (
				DBD38289193526DA00C8965C /* InfoPlist.strings in Resources */,
				DB0699FB19B7A21E00912D2D /* gradescale.plist in Resources */,
				DBD38297193526DA00C8965C /* Images.xcassets in Resources */,
				DBD3828F193526DA00C8965C /* Credits.rtf in Resources */,
				DBD382BD193529E800C8965C /* NewComicWindow.xib in Resources */,
				DBD38295193526DA00C8965C /* MainMenu.xib in Resources */,
			);
			runOnlyForDeploymentPostprocessing = 0;
		};
		DBD3829A193526DA00C8965C /* Resources */ = {
			isa = PBXResourcesBuildPhase;
			buildActionMask = 2147483647;
			files = (
				DBD382A7193526DA00C8965C /* InfoPlist.strings in Resources */,
			);
			runOnlyForDeploymentPostprocessing = 0;
		};
/* End PBXResourcesBuildPhase section */

/* Begin PBXSourcesBuildPhase section */
		DBD38277193526DA00C8965C /* Sources */ = {
			isa = PBXSourcesBuildPhase;
			buildActionMask = 2147483647;
			files = (
				DBD382B4193526E300C8965C /* CoreDataManagerX.m in Sources */,
				DB069A0419B7A54600912D2D /* Publisher.m in Sources */,
				DB069A0A19B7A54600912D2D /* StoryArc.m in Sources */,
				DB23D0D719A20F8F00083C45 /* StoryArcsArrayController.m in Sources */,
				DBD382B81935271400C8965C /* longbox.xcdatamodeld in Sources */,
				DB215F4B1938C55F00422589 /* DateTransformer.m in Sources */,
				DB5AA9DA193B7D8700960168 /* IssuesArrayController.m in Sources */,
				DB5AA9DE193B7E5C00960168 /* TradesArrayController.m in Sources */,
				DB215F511938CA3700422589 /* SeriesArrayController.m in Sources */,
				DB069A0119B7A54600912D2D /* Issue.m in Sources */,
				DBD38292193526DA00C8965C /* AppDelegate.m in Sources */,
				DB215F4E1938C65500422589 /* ComicsWindow.m in Sources */,
				DB52600D19B4EE1900FF31EB /* VariantIndicator.m in Sources */,
				DBD3828B193526DA00C8965C /* main.m in Sources */,
				DB0699FE19B7A54600912D2D /* Trade.m in Sources */,
				DB069A0719B7A54600912D2D /* Series.m in Sources */,
				DBD382BC193529E800C8965C /* NewComicWindow.m in Sources */,
			);
			runOnlyForDeploymentPostprocessing = 0;
		};
		DBD38298193526DA00C8965C /* Sources */ = {
			isa = PBXSourcesBuildPhase;
			buildActionMask = 2147483647;
			files = (
				DBD382A9193526DA00C8965C /* Long_BoxTests.m in Sources */,
			);
			runOnlyForDeploymentPostprocessing = 0;
		};
/* End PBXSourcesBuildPhase section */

/* Begin PBXTargetDependency section */
		DBD382A1193526DA00C8965C /* PBXTargetDependency */ = {
			isa = PBXTargetDependency;
			target = DBD3827A193526DA00C8965C /* Long Box */;
			targetProxy = DBD382A0193526DA00C8965C /* PBXContainerItemProxy */;
		};
/* End PBXTargetDependency section */

/* Begin PBXVariantGroup section */
		DBD38287193526DA00C8965C /* InfoPlist.strings */ = {
			isa = PBXVariantGroup;
			children = (
				DBD38288193526DA00C8965C /* en */,
			);
			name = InfoPlist.strings;
			sourceTree = "<group>";
		};
		DBD3828D193526DA00C8965C /* Credits.rtf */ = {
			isa = PBXVariantGroup;
			children = (
				DBD3828E193526DA00C8965C /* en */,
			);
			name = Credits.rtf;
			sourceTree = "<group>";
		};
		DBD38293193526DA00C8965C /* MainMenu.xib */ = {
			isa = PBXVariantGroup;
			children = (
				DBD38294193526DA00C8965C /* Base */,
			);
			name = MainMenu.xib;
			sourceTree = "<group>";
		};
		DBD382A5193526DA00C8965C /* InfoPlist.strings */ = {
			isa = PBXVariantGroup;
			children = (
				DBD382A6193526DA00C8965C /* en */,
			);
			name = InfoPlist.strings;
			sourceTree = "<group>";
		};
/* End PBXVariantGroup section */

/* Begin XCBuildConfiguration section */
		DBD382AA193526DA00C8965C /* Debug */ = {
			isa = XCBuildConfiguration;
			buildSettings = {
				ALWAYS_SEARCH_USER_PATHS = NO;
				CLANG_CXX_LANGUAGE_STANDARD = "gnu++0x";
				CLANG_CXX_LIBRARY = "libc++";
				CLANG_ENABLE_MODULES = YES;
				CLANG_ENABLE_OBJC_ARC = YES;
				CLANG_WARN_BOOL_CONVERSION = YES;
				CLANG_WARN_CONSTANT_CONVERSION = YES;
				CLANG_WARN_DIRECT_OBJC_ISA_USAGE = YES_ERROR;
				CLANG_WARN_EMPTY_BODY = YES;
				CLANG_WARN_ENUM_CONVERSION = YES;
				CLANG_WARN_INT_CONVERSION = YES;
				CLANG_WARN_OBJC_ROOT_CLASS = YES_ERROR;
				CLANG_WARN__DUPLICATE_METHOD_MATCH = YES;
				COPY_PHASE_STRIP = NO;
				GCC_C_LANGUAGE_STANDARD = gnu99;
				GCC_DYNAMIC_NO_PIC = NO;
				GCC_ENABLE_OBJC_EXCEPTIONS = YES;
				GCC_OPTIMIZATION_LEVEL = 0;
				GCC_PREPROCESSOR_DEFINITIONS = (
					"DEBUG=1",
					"$(inherited)",
				);
				GCC_SYMBOLS_PRIVATE_EXTERN = NO;
				GCC_WARN_64_TO_32_BIT_CONVERSION = YES;
				GCC_WARN_ABOUT_RETURN_TYPE = YES_ERROR;
				GCC_WARN_UNDECLARED_SELECTOR = YES;
				GCC_WARN_UNINITIALIZED_AUTOS = YES_AGGRESSIVE;
				GCC_WARN_UNUSED_FUNCTION = YES;
				GCC_WARN_UNUSED_VARIABLE = YES;
				MACOSX_DEPLOYMENT_TARGET = 10.9;
				ONLY_ACTIVE_ARCH = YES;
				SDKROOT = macosx;
			};
			name = Debug;
		};
		DBD382AB193526DA00C8965C /* Release */ = {
			isa = XCBuildConfiguration;
			buildSettings = {
				ALWAYS_SEARCH_USER_PATHS = NO;
				CLANG_CXX_LANGUAGE_STANDARD = "gnu++0x";
				CLANG_CXX_LIBRARY = "libc++";
				CLANG_ENABLE_MODULES = YES;
				CLANG_ENABLE_OBJC_ARC = YES;
				CLANG_WARN_BOOL_CONVERSION = YES;
				CLANG_WARN_CONSTANT_CONVERSION = YES;
				CLANG_WARN_DIRECT_OBJC_ISA_USAGE = YES_ERROR;
				CLANG_WARN_EMPTY_BODY = YES;
				CLANG_WARN_ENUM_CONVERSION = YES;
				CLANG_WARN_INT_CONVERSION = YES;
				CLANG_WARN_OBJC_ROOT_CLASS = YES_ERROR;
				CLANG_WARN__DUPLICATE_METHOD_MATCH = YES;
				COPY_PHASE_STRIP = YES;
				DEBUG_INFORMATION_FORMAT = "dwarf-with-dsym";
				ENABLE_NS_ASSERTIONS = NO;
				GCC_C_LANGUAGE_STANDARD = gnu99;
				GCC_ENABLE_OBJC_EXCEPTIONS = YES;
				GCC_WARN_64_TO_32_BIT_CONVERSION = YES;
				GCC_WARN_ABOUT_RETURN_TYPE = YES_ERROR;
				GCC_WARN_UNDECLARED_SELECTOR = YES;
				GCC_WARN_UNINITIALIZED_AUTOS = YES_AGGRESSIVE;
				GCC_WARN_UNUSED_FUNCTION = YES;
				GCC_WARN_UNUSED_VARIABLE = YES;
				MACOSX_DEPLOYMENT_TARGET = 10.9;
				SDKROOT = macosx;
			};
			name = Release;
		};
		DBD382AD193526DA00C8965C /* Debug */ = {
			isa = XCBuildConfiguration;
			buildSettings = {
				ASSETCATALOG_COMPILER_APPICON_NAME = AppIcon;
				CODE_SIGN_ENTITLEMENTS = "Long Box/Long Box.entitlements";
				CODE_SIGN_IDENTITY = "Developer ID Application";
				COMBINE_HIDPI_IMAGES = YES;
				GCC_PRECOMPILE_PREFIX_HEADER = YES;
				GCC_PREFIX_HEADER = "Long Box/Long Box-Prefix.pch";
				INFOPLIST_FILE = "Long Box/Long Box-Info.plist";
				PRODUCT_NAME = "$(TARGET_NAME)";
				WRAPPER_EXTENSION = app;
			};
			name = Debug;
		};
		DBD382AE193526DA00C8965C /* Release */ = {
			isa = XCBuildConfiguration;
			buildSettings = {
				ASSETCATALOG_COMPILER_APPICON_NAME = AppIcon;
				CODE_SIGN_ENTITLEMENTS = "Long Box/Long Box.entitlements";
				CODE_SIGN_IDENTITY = "Developer ID Application";
				COMBINE_HIDPI_IMAGES = YES;
				GCC_PRECOMPILE_PREFIX_HEADER = YES;
				GCC_PREFIX_HEADER = "Long Box/Long Box-Prefix.pch";
				INFOPLIST_FILE = "Long Box/Long Box-Info.plist";
				PRODUCT_NAME = "$(TARGET_NAME)";
				WRAPPER_EXTENSION = app;
			};
			name = Release;
		};
		DBD382B0193526DA00C8965C /* Debug */ = {
			isa = XCBuildConfiguration;
			buildSettings = {
				BUNDLE_LOADER = "$(BUILT_PRODUCTS_DIR)/Long Box.app/Contents/MacOS/Long Box";
				COMBINE_HIDPI_IMAGES = YES;
				FRAMEWORK_SEARCH_PATHS = (
					"$(DEVELOPER_FRAMEWORKS_DIR)",
					"$(inherited)",
				);
				GCC_PRECOMPILE_PREFIX_HEADER = YES;
				GCC_PREFIX_HEADER = "Long Box/Long Box-Prefix.pch";
				GCC_PREPROCESSOR_DEFINITIONS = (
					"DEBUG=1",
					"$(inherited)",
				);
				INFOPLIST_FILE = "Long BoxTests/Long BoxTests-Info.plist";
				PRODUCT_NAME = "$(TARGET_NAME)";
				TEST_HOST = "$(BUNDLE_LOADER)";
				WRAPPER_EXTENSION = xctest;
			};
			name = Debug;
		};
		DBD382B1193526DA00C8965C /* Release */ = {
			isa = XCBuildConfiguration;
			buildSettings = {
				BUNDLE_LOADER = "$(BUILT_PRODUCTS_DIR)/Long Box.app/Contents/MacOS/Long Box";
				COMBINE_HIDPI_IMAGES = YES;
				FRAMEWORK_SEARCH_PATHS = (
					"$(DEVELOPER_FRAMEWORKS_DIR)",
					"$(inherited)",
				);
				GCC_PRECOMPILE_PREFIX_HEADER = YES;
				GCC_PREFIX_HEADER = "Long Box/Long Box-Prefix.pch";
				INFOPLIST_FILE = "Long BoxTests/Long BoxTests-Info.plist";
				PRODUCT_NAME = "$(TARGET_NAME)";
				TEST_HOST = "$(BUNDLE_LOADER)";
				WRAPPER_EXTENSION = xctest;
			};
			name = Release;
		};
/* End XCBuildConfiguration section */

/* Begin XCConfigurationList section */
		DBD38276193526DA00C8965C /* Build configuration list for PBXProject "Long Box" */ = {
			isa = XCConfigurationList;
			buildConfigurations = (
				DBD382AA193526DA00C8965C /* Debug */,
				DBD382AB193526DA00C8965C /* Release */,
			);
			defaultConfigurationIsVisible = 0;
			defaultConfigurationName = Release;
		};
		DBD382AC193526DA00C8965C /* Build configuration list for PBXNativeTarget "Long Box" */ = {
			isa = XCConfigurationList;
			buildConfigurations = (
				DBD382AD193526DA00C8965C /* Debug */,
				DBD382AE193526DA00C8965C /* Release */,
			);
			defaultConfigurationIsVisible = 0;
			defaultConfigurationName = Release;
		};
		DBD382AF193526DA00C8965C /* Build configuration list for PBXNativeTarget "Long BoxTests" */ = {
			isa = XCConfigurationList;
			buildConfigurations = (
				DBD382B0193526DA00C8965C /* Debug */,
				DBD382B1193526DA00C8965C /* Release */,
			);
			defaultConfigurationIsVisible = 0;
			defaultConfigurationName = Release;
		};
/* End XCConfigurationList section */

/* Begin XCVersionGroup section */
		DBD382B61935271400C8965C /* longbox.xcdatamodeld */ = {
			isa = XCVersionGroup;
			children = (
				DBD382B71935271400C8965C /* longbox.xcdatamodel */,
			);
			currentVersion = DBD382B71935271400C8965C /* longbox.xcdatamodel */;
			path = longbox.xcdatamodeld;
			sourceTree = "<group>";
			versionGroupType = wrapper.xcdatamodel;
		};
/* End XCVersionGroup section */
	};
	rootObject = DBD38273193526DA00C8965C /* Project object */;
}
